
Microsoft Visual Studio Solution File, Format Version 12.00
# Visual Studio 2012
Project("{FAE04EC0-301F-11D3-BF4B-00C04F79EFBC}") = "CSharpSeleniumDemo", "CSharpSeleniumDemo\CSharpSeleniumDemo.csproj", "{AE23A4FE-08E0-400B-9AA5-D0F50FDDD04F}"
EndProject
Global
	GlobalSection(SolutionConfigurationPlatforms) = preSolution
		Debug|Any CPU = Debug|Any CPU
		Release|Any CPU = Release|Any CPU
	EndGlobalSection
	GlobalSection(ProjectConfigurationPlatforms) = postSolution
		{AE23A4FE-08E0-400B-9AA5-D0F50FDDD04F}.Debug|Any CPU.ActiveCfg = Debug|Any CPU
		{AE23A4FE-08E0-400B-9AA5-D0F50FDDD04F}.Debug|Any CPU.Build.0 = Debug|Any CPU
		{AE23A4FE-08E0-400B-9AA5-D0F50FDDD04F}.Release|Any CPU.ActiveCfg = Release|Any CPU
		{AE23A4FE-08E0-400B-9AA5-D0F50FDDD04F}.Release|Any CPU.Build.0 = Release|Any CPU
	EndGlobalSection
EndGlobal
